
Microsoft Visual Studio Solution File, Format Version 12.00
# Visual Studio Version 16
VisualStudioVersion = 16.0.30011.22
MinimumVisualStudioVersion = 10.0.40219.1
Project("{FAE04EC0-301F-11D3-BF4B-00C04F79EFBC}") = "CallCenterMVC", "CallCenterMVC\CallCenterMVC.csproj", "{A9FEBBC1-19C4-424B-838A-24AB59885252}"
EndProject
Global
	GlobalSection(SolutionConfigurationPlatforms) = preSolution
		Debug|Any CPU = Debug|Any CPU
		Release|Any CPU = Release|Any CPU
	EndGlobalSection
	GlobalSection(ProjectConfigurationPlatforms) = postSolution
		{A9FEBBC1-19C4-424B-838A-24AB59885252}.Debug|Any CPU.ActiveCfg = Debug|Any CPU
		{A9FEBBC1-19C4-424B-838A-24AB59885252}.Debug|Any CPU.Build.0 = Debug|Any CPU
		{A9FEBBC1-19C4-424B-838A-24AB59885252}.Release|Any CPU.ActiveCfg = Release|Any CPU
		{A9FEBBC1-19C4-424B-838A-24AB59885252}.Release|Any CPU.Build.0 = Release|Any CPU
	EndGlobalSection
	GlobalSection(SolutionProperties) = preSolution
		HideSolutionNode = FALSE
	EndGlobalSection
	GlobalSection(ExtensibilityGlobals) = postSolution
		SolutionGuid = {D7E3B7F0-BFEE-4D9C-977F-C1E5AFB67911}
	EndGlobalSection
EndGlobal
